
Microsoft Visual Studio Solution File, Format Version 12.00
# Visual Studio Version 17
VisualStudioVersion = 17.0.31903.59
MinimumVisualStudioVersion = 10.0.40219.1
Project("{FAE04EC0-301F-11D3-BF4B-00C04F79EFBC}") = "Chapter1-StrategyPattern", "Chapter1-StrategyPattern\Chapter1-StrategyPattern.csproj", "{C2649A3A-D8FD-4620-95D8-FD1A9A9C9FAE}"
EndProject
Project("{FAE04EC0-301F-11D3-BF4B-00C04F79EFBC}") = "Chapter2-ObserverPattern", "Chapter2-ObserverPattern\Chapter2-ObserverPattern.csproj", "{ACEB998A-3A41-4007-AE1D-22A0A6BA7921}"
EndProject
Project("{FAE04EC0-301F-11D3-BF4B-00C04F79EFBC}") = "Chapter3-DecoratorPattern", "Chapter3-DecoratorPattern\Chapter3-DecoratorPattern.csproj", "{762BEC8E-00F8-445E-B940-32C6FD0FE3FE}"
EndProject
Project("{FAE04EC0-301F-11D3-BF4B-00C04F79EFBC}") = "Chapter4-FactoryPattern", "Chapter4-FactoryPattern\Chapter4-FactoryPattern.csproj", "{A4192A62-5264-418B-BDBD-6942AC905BB2}"
EndProject
Project("{FAE04EC0-301F-11D3-BF4B-00C04F79EFBC}") = "Chapter5-SingletonPattern", "Chapter5-SingletonPattern\Chapter5-SingletonPattern.csproj", "{7461DE5C-A5A6-4A0E-BB49-89B3BEFE887E}"
EndProject
Project("{FAE04EC0-301F-11D3-BF4B-00C04F79EFBC}") = "Chapter6-CommandPattern", "Chapter6-CommandPattern\Chapter6-CommandPattern.csproj", "{166CF29C-6D1B-4BCE-814D-857447BEF234}"
EndProject
Project("{FAE04EC0-301F-11D3-BF4B-00C04F79EFBC}") = "Chapter8-TemplateMethodPattern", "Chapter8-TemplateMethodPattern\Chapter8-TemplateMethodPattern.csproj", "{FF28463F-407B-4042-B109-201EEC24D380}"
EndProject
Project("{FAE04EC0-301F-11D3-BF4B-00C04F79EFBC}") = "Chapter9-IteratorPattern", "Chapter9-IteratorPattern\Chapter9-IteratorPattern.csproj", "{2F057D2E-3B9A-450D-BE48-3B2E5F5A83D4}"
EndProject
Project("{FAE04EC0-301F-11D3-BF4B-00C04F79EFBC}") = "Chapter10-StatePattern", "Chapter10-StatePattern\Chapter10-StatePattern.csproj", "{2AF4D09C-CB3D-4814-8567-44A7F5A4E7D2}"
EndProject
Global
	GlobalSection(SolutionConfigurationPlatforms) = preSolution
		Debug|Any CPU = Debug|Any CPU
		Release|Any CPU = Release|Any CPU
	EndGlobalSection
	GlobalSection(SolutionProperties) = preSolution
		HideSolutionNode = FALSE
	EndGlobalSection
	GlobalSection(ProjectConfigurationPlatforms) = postSolution
		{C2649A3A-D8FD-4620-95D8-FD1A9A9C9FAE}.Debug|Any CPU.ActiveCfg = Debug|Any CPU
		{C2649A3A-D8FD-4620-95D8-FD1A9A9C9FAE}.Debug|Any CPU.Build.0 = Debug|Any CPU
		{C2649A3A-D8FD-4620-95D8-FD1A9A9C9FAE}.Release|Any CPU.ActiveCfg = Release|Any CPU
		{C2649A3A-D8FD-4620-95D8-FD1A9A9C9FAE}.Release|Any CPU.Build.0 = Release|Any CPU
		{ACEB998A-3A41-4007-AE1D-22A0A6BA7921}.Debug|Any CPU.ActiveCfg = Debug|Any CPU
		{ACEB998A-3A41-4007-AE1D-22A0A6BA7921}.Debug|Any CPU.Build.0 = Debug|Any CPU
		{ACEB998A-3A41-4007-AE1D-22A0A6BA7921}.Release|Any CPU.ActiveCfg = Release|Any CPU
		{ACEB998A-3A41-4007-AE1D-22A0A6BA7921}.Release|Any CPU.Build.0 = Release|Any CPU
		{762BEC8E-00F8-445E-B940-32C6FD0FE3FE}.Debug|Any CPU.ActiveCfg = Debug|Any CPU
		{762BEC8E-00F8-445E-B940-32C6FD0FE3FE}.Debug|Any CPU.Build.0 = Debug|Any CPU
		{762BEC8E-00F8-445E-B940-32C6FD0FE3FE}.Release|Any CPU.ActiveCfg = Release|Any CPU
		{762BEC8E-00F8-445E-B940-32C6FD0FE3FE}.Release|Any CPU.Build.0 = Release|Any CPU
		{A4192A62-5264-418B-BDBD-6942AC905BB2}.Debug|Any CPU.ActiveCfg = Debug|Any CPU
		{A4192A62-5264-418B-BDBD-6942AC905BB2}.Debug|Any CPU.Build.0 = Debug|Any CPU
		{A4192A62-5264-418B-BDBD-6942AC905BB2}.Release|Any CPU.ActiveCfg = Release|Any CPU
		{A4192A62-5264-418B-BDBD-6942AC905BB2}.Release|Any CPU.Build.0 = Release|Any CPU
		{7461DE5C-A5A6-4A0E-BB49-89B3BEFE887E}.Debug|Any CPU.ActiveCfg = Debug|Any CPU
		{7461DE5C-A5A6-4A0E-BB49-89B3BEFE887E}.Debug|Any CPU.Build.0 = Debug|Any CPU
		{7461DE5C-A5A6-4A0E-BB49-89B3BEFE887E}.Release|Any CPU.ActiveCfg = Release|Any CPU
		{7461DE5C-A5A6-4A0E-BB49-89B3BEFE887E}.Release|Any CPU.Build.0 = Release|Any CPU
		{166CF29C-6D1B-4BCE-814D-857447BEF234}.Debug|Any CPU.ActiveCfg = Debug|Any CPU
		{166CF29C-6D1B-4BCE-814D-857447BEF234}.Debug|Any CPU.Build.0 = Debug|Any CPU
		{166CF29C-6D1B-4BCE-814D-857447BEF234}.Release|Any CPU.ActiveCfg = Release|Any CPU
		{166CF29C-6D1B-4BCE-814D-857447BEF234}.Release|Any CPU.Build.0 = Release|Any CPU
		{FF28463F-407B-4042-B109-201EEC24D380}.Debug|Any CPU.ActiveCfg = Debug|Any CPU
		{FF28463F-407B-4042-B109-201EEC24D380}.Debug|Any CPU.Build.0 = Debug|Any CPU
		{FF28463F-407B-4042-B109-201EEC24D380}.Release|Any CPU.ActiveCfg = Release|Any CPU
		{FF28463F-407B-4042-B109-201EEC24D380}.Release|Any CPU.Build.0 = Release|Any CPU
		{2F057D2E-3B9A-450D-BE48-3B2E5F5A83D4}.Debug|Any CPU.ActiveCfg = Debug|Any CPU
		{2F057D2E-3B9A-450D-BE48-3B2E5F5A83D4}.Debug|Any CPU.Build.0 = Debug|Any CPU
		{2F057D2E-3B9A-450D-BE48-3B2E5F5A83D4}.Release|Any CPU.ActiveCfg = Release|Any CPU
		{2F057D2E-3B9A-450D-BE48-3B2E5F5A83D4}.Release|Any CPU.Build.0 = Release|Any CPU
		{2AF4D09C-CB3D-4814-8567-44A7F5A4E7D2}.Debug|Any CPU.ActiveCfg = Debug|Any CPU
		{2AF4D09C-CB3D-4814-8567-44A7F5A4E7D2}.Debug|Any CPU.Build.0 = Debug|Any CPU
		{2AF4D09C-CB3D-4814-8567-44A7F5A4E7D2}.Release|Any CPU.ActiveCfg = Release|Any CPU
		{2AF4D09C-CB3D-4814-8567-44A7F5A4E7D2}.Release|Any CPU.Build.0 = Release|Any CPU
	EndGlobalSection
EndGlobal
